
Microsoft Visual Studio Solution File, Format Version 12.00
# Visual Studio 14
VisualStudioVersion = 14.0.24720.0
MinimumVisualStudioVersion = 10.0.40219.1
Project("{FAE04EC0-301F-11D3-BF4B-00C04F79EFBC}") = "OCSearch", "OCSearch\OCSearch.csproj", "{58A5F517-6C83-4113-A240-4BF1EB0C35AE}"
EndProject
Global
	GlobalSection(SolutionConfigurationPlatforms) = preSolution
		Debug|Any CPU = Debug|Any CPU
		Release|Any CPU = Release|Any CPU
	EndGlobalSection
	GlobalSection(ProjectConfigurationPlatforms) = postSolution
		{58A5F517-6C83-4113-A240-4BF1EB0C35AE}.Debug|Any CPU.ActiveCfg = Debug|Any CPU
		{58A5F517-6C83-4113-A240-4BF1EB0C35AE}.Debug|Any CPU.Build.0 = Debug|Any CPU
		{58A5F517-6C83-4113-A240-4BF1EB0C35AE}.Release|Any CPU.ActiveCfg = Release|Any CPU
		{58A5F517-6C83-4113-A240-4BF1EB0C35AE}.Release|Any CPU.Build.0 = Release|Any CPU
	EndGlobalSection
	GlobalSection(SolutionProperties) = preSolution
		HideSolutionNode = FALSE
	EndGlobalSection
EndGlobal
